# This file is generated by running "yarn install" inside your project.
# Manual changes might be lost - proceed with caution!

__metadata:
  version: 8
  cacheKey: 10c0

"@octokit/auth-token@npm:^5.0.0":
  version: 5.1.2
  resolution: "@octokit/auth-token@npm:5.1.2"
  checksum: 10c0/bd4952571d9c559ede1f6ef8f7756900256d19df0180db04da88886a05484c7e6a4397611422e4804465a82addc8c2daa21d0bb4f450403552ee81041a4046d1
  languageName: node
  linkType: hard

"@octokit/core@npm:^6.1.4":
  version: 6.1.6
  resolution: "@octokit/core@npm:6.1.6"
  dependencies:
    "@octokit/auth-token": "npm:^5.0.0"
    "@octokit/graphql": "npm:^8.2.2"
    "@octokit/request": "npm:^9.2.3"
    "@octokit/request-error": "npm:^6.1.8"
    "@octokit/types": "npm:^14.0.0"
    before-after-hook: "npm:^3.0.2"
    universal-user-agent: "npm:^7.0.0"
  checksum: 10c0/72fcbafb61e3fed34bc1fd3795349a46fcc4c7e5815f2d0840c786372a9a529c0372f645b836b55f073401364938fcc202f49f887e8edbfb924fe69f533f4b86
  languageName: node
  linkType: hard

"@octokit/endpoint@npm:^10.1.4":
  version: 10.1.4
  resolution: "@octokit/endpoint@npm:10.1.4"
  dependencies:
    "@octokit/types": "npm:^14.0.0"
    universal-user-agent: "npm:^7.0.2"
  checksum: 10c0/bf7cca71a05dc4751df658588e32642e59c98768e7509521226b997ea4837e2d16efd35c391231c76d888226f4daf80e6a9f347dee01a69f490253654dada581
  languageName: node
  linkType: hard

"@octokit/graphql@npm:^8.2.2":
  version: 8.2.2
  resolution: "@octokit/graphql@npm:8.2.2"
  dependencies:
    "@octokit/request": "npm:^9.2.3"
    "@octokit/types": "npm:^14.0.0"
    universal-user-agent: "npm:^7.0.0"
  checksum: 10c0/29cd5af5ed04e416d28798a11907ab861dc73c0af47f8c9c3f4183d81d2e77d88228643825538acc81e7015f78d891f84107929019a673b06a6b38ccea6a24e0
  languageName: node
  linkType: hard

"@octokit/openapi-types@npm:^24.2.0":
  version: 24.2.0
  resolution: "@octokit/openapi-types@npm:24.2.0"
  checksum: 10c0/8f47918b35e9b7f6109be6f7c8fc3a64ad13a48233112b29e92559e64a564b810eb3ebf81b4cd0af1bb2989d27b9b95cca96e841ec4e23a3f68703cefe62fd9e
  languageName: node
  linkType: hard

"@octokit/openapi-types@npm:^25.1.0":
  version: 25.1.0
  resolution: "@octokit/openapi-types@npm:25.1.0"
  checksum: 10c0/b5b1293b11c6ec7112c7a2713f8507c2696d5db8902ce893b594080ab0329f5a6fcda1b5ac6fe6eed9425e897f4d03326c1bdf5c337e35d324e7b925e52a2661
  languageName: node
  linkType: hard

"@octokit/plugin-paginate-rest@npm:^11.4.2":
  version: 11.6.0
  resolution: "@octokit/plugin-paginate-rest@npm:11.6.0"
  dependencies:
    "@octokit/types": "npm:^13.10.0"
  peerDependencies:
    "@octokit/core": ">=6"
  checksum: 10c0/f5c8751a1cd08f972a84d0e0534d1f72c178648c64ec2b57f8d924a04b81cc616338e397fb1400c02d7ffda7b6147835cbdbae07a2673f963217d2d59768daaa
  languageName: node
  linkType: hard

"@octokit/plugin-request-log@npm:^5.3.1":
  version: 5.3.1
  resolution: "@octokit/plugin-request-log@npm:5.3.1"
  peerDependencies:
    "@octokit/core": ">=6"
  checksum: 10c0/2f959934b8285cf39a1d1d0b92ec881b3ae171ae74738225f87b89381afd72a32bc7ea9c04d2dcee74f74ad24c22cce0c5f3e5b4333d531ea67b985e4ee90cb0
  languageName: node
  linkType: hard

"@octokit/plugin-rest-endpoint-methods@npm:^13.3.0":
  version: 13.5.0
  resolution: "@octokit/plugin-rest-endpoint-methods@npm:13.5.0"
  dependencies:
    "@octokit/types": "npm:^13.10.0"
  peerDependencies:
    "@octokit/core": ">=6"
  checksum: 10c0/0dd5fcdc01ac82abeab26fa32fd1c504732918bc70ad8e16924dd4d155dfd4bc8b57f2326c5012276885b9d59be3eb1e8d0b2576f5915a3b3343f26359cdba5e
  languageName: node
  linkType: hard

"@octokit/request-error@npm:^6.1.8":
  version: 6.1.8
  resolution: "@octokit/request-error@npm:6.1.8"
  dependencies:
    "@octokit/types": "npm:^14.0.0"
  checksum: 10c0/02aa5bfebb5b1b9e152558b4a6f4f7dcb149b41538778ffe0fce3395fd0da5c0862311a78e94723435667581b2a58a7cefa458cf7aa19ae2948ae419276f7ee1
  languageName: node
  linkType: hard

"@octokit/request@npm:^9.2.3":
  version: 9.2.4
  resolution: "@octokit/request@npm:9.2.4"
  dependencies:
    "@octokit/endpoint": "npm:^10.1.4"
    "@octokit/request-error": "npm:^6.1.8"
    "@octokit/types": "npm:^14.0.0"
    fast-content-type-parse: "npm:^2.0.0"
    universal-user-agent: "npm:^7.0.2"
  checksum: 10c0/783ddf004e89e9738a6b4196c38fc377f166196a9f39a4956c50d675310113cf7a8e1ed1ed3842ae1d222d990231d1361fc8cf96adea2740e7e4caad216f19ab
  languageName: node
  linkType: hard

"@octokit/rest@npm:^21.1.0":
  version: 21.1.1
  resolution: "@octokit/rest@npm:21.1.1"
  dependencies:
    "@octokit/core": "npm:^6.1.4"
    "@octokit/plugin-paginate-rest": "npm:^11.4.2"
    "@octokit/plugin-request-log": "npm:^5.3.1"
    "@octokit/plugin-rest-endpoint-methods": "npm:^13.3.0"
  checksum: 10c0/59e4fe55942e6f94ff6924934418fbfdee516f6df00889f9417add037c2163b45079a600b6c43449bc824641c9f1b9ac6fe9d3b52a5a1ed3e5e12de697171b78
  languageName: node
  linkType: hard

"@octokit/types@npm:^13.10.0":
  version: 13.10.0
  resolution: "@octokit/types@npm:13.10.0"
  dependencies:
    "@octokit/openapi-types": "npm:^24.2.0"
  checksum: 10c0/f66a401b89d653ec28e5c1529abdb7965752db4d9d40fa54c80e900af4c6bf944af6bd0a83f5b4f1eecb72e3d646899dfb27ffcf272ac243552de7e3b97a038d
  languageName: node
  linkType: hard

"@octokit/types@npm:^14.0.0":
  version: 14.1.0
  resolution: "@octokit/types@npm:14.1.0"
  dependencies:
    "@octokit/openapi-types": "npm:^25.1.0"
  checksum: 10c0/4640a6c0a95386be4d015b96c3a906756ea657f7df3c6e706d19fea6bf3ac44fd2991c8c817afe1e670ff9042b85b0e06f7fd373f6bbd47da64208701bb46d5b
  languageName: node
  linkType: hard

"before-after-hook@npm:^3.0.2":
  version: 3.0.2
  resolution: "before-after-hook@npm:3.0.2"
  checksum: 10c0/dea640f9e88a1085372c9bcc974b7bf379267490693da92ec102a7d8b515dd1e95f00ef575a146b83ca638104c57406c3427d37bdf082f602dde4b56d05bba14
  languageName: node
  linkType: hard

"electron-download-stats@workspace:.":
  version: 0.0.0-use.local
  resolution: "electron-download-stats@workspace:."
  dependencies:
    "@octokit/rest": "npm:^21.1.0"
    prettier: "npm:^3.1.0"
    require-dir: "npm:^0.3.1"
    semver: "npm:^7.6.3"
  languageName: unknown
  linkType: soft

"fast-content-type-parse@npm:^2.0.0":
  version: 2.0.1
  resolution: "fast-content-type-parse@npm:2.0.1"
  checksum: 10c0/e5ff87d75a35ae4cf377df1dca46ec49e7abbdc8513689676ecdef548b94900b50e66e516e64470035d79b9f7010ef15d98c24d8ae803a881363cc59e0715e19
  languageName: node
  linkType: hard

"prettier@npm:^3.1.0":
  version: 3.6.2
  resolution: "prettier@npm:3.6.2"
  bin:
    prettier: bin/prettier.cjs
  checksum: 10c0/488cb2f2b99ec13da1e50074912870217c11edaddedeadc649b1244c749d15ba94e846423d062e2c4c9ae683e2d65f754de28889ba06e697ac4f988d44f45812
  languageName: node
  linkType: hard

"require-dir@npm:^0.3.1":
  version: 0.3.2
  resolution: "require-dir@npm:0.3.2"
  checksum: 10c0/3009f8e59eaa6744cd55c7978e44aa1bbf9e48c786b4ccbad84c178bf32a393caad6612f9ef9baf8421921fafaed605840cf7f2d503836f372716313e9b12742
  languageName: node
  linkType: hard

"semver@npm:^7.6.3":
  version: 7.7.3
  resolution: "semver@npm:7.7.3"
  bin:
    semver: bin/semver.js
  checksum: 10c0/4afe5c986567db82f44c8c6faef8fe9df2a9b1d98098fc1721f57c696c4c21cebd572f297fc21002f81889492345b8470473bc6f4aff5fb032a6ea59ea2bc45e
  languageName: node
  linkType: hard

"universal-user-agent@npm:^7.0.0, universal-user-agent@npm:^7.0.2":
  version: 7.0.3
  resolution: "universal-user-agent@npm:7.0.3"
  checksum: 10c0/6043be466a9bb96c0ce82392842d9fddf4c37e296f7bacc2cb25f47123990eb436c82df824644f9c5070a94dbdb117be17f66d54599ab143648ec57ef93dbcc8
  languageName: node
  linkType: hard
